
Microsoft Visual Studio Solution File, Format Version 12.00
# Visual Studio Version 16
VisualStudioVersion = 16.0.30104.148
MinimumVisualStudioVersion = 10.0.40219.1
Project("{FAE04EC0-301F-11D3-BF4B-00C04F79EFBC}") = "NuskeSolution.Common", "NuskeSolution.Common\NuskeSolution.Common.csproj", "{A43063CD-C5D7-4A72-9A65-7113CEBF0970}"
EndProject
Project("{FAE04EC0-301F-11D3-BF4B-00C04F79EFBC}") = "NuskeSolution.Web", "NuskeSolution.Web\NuskeSolution.Web.csproj", "{8B3AD9C5-C478-47A1-BD1D-A40664A9578C}"
EndProject
Global
	GlobalSection(SolutionConfigurationPlatforms) = preSolution
		Debug|Any CPU = Debug|Any CPU
		Release|Any CPU = Release|Any CPU
	EndGlobalSection
	GlobalSection(ProjectConfigurationPlatforms) = postSolution
		{A43063CD-C5D7-4A72-9A65-7113CEBF0970}.Debug|Any CPU.ActiveCfg = Debug|Any CPU
		{A43063CD-C5D7-4A72-9A65-7113CEBF0970}.Debug|Any CPU.Build.0 = Debug|Any CPU
		{A43063CD-C5D7-4A72-9A65-7113CEBF0970}.Release|Any CPU.ActiveCfg = Release|Any CPU
		{A43063CD-C5D7-4A72-9A65-7113CEBF0970}.Release|Any CPU.Build.0 = Release|Any CPU
		{8B3AD9C5-C478-47A1-BD1D-A40664A9578C}.Debug|Any CPU.ActiveCfg = Debug|Any CPU
		{8B3AD9C5-C478-47A1-BD1D-A40664A9578C}.Debug|Any CPU.Build.0 = Debug|Any CPU
		{8B3AD9C5-C478-47A1-BD1D-A40664A9578C}.Release|Any CPU.ActiveCfg = Release|Any CPU
		{8B3AD9C5-C478-47A1-BD1D-A40664A9578C}.Release|Any CPU.Build.0 = Release|Any CPU
	EndGlobalSection
	GlobalSection(SolutionProperties) = preSolution
		HideSolutionNode = FALSE
	EndGlobalSection
	GlobalSection(ExtensibilityGlobals) = postSolution
		SolutionGuid = {016CDF91-40A9-444F-95E4-88B8AE07BAFA}
	EndGlobalSection
EndGlobal
